
Microsoft Visual Studio Solution File, Format Version 12.00
# Visual Studio Version 17
VisualStudioVersion = 17.4.33213.308
MinimumVisualStudioVersion = 10.0.40219.1
Project("{9A19103F-16F7-4668-BE54-9A1E7A4F7556}") = "Countries", "Countries\Countries.csproj", "{1218BBD3-A524-4B86-9C78-5BCE50F595D3}"
EndProject
Global
	GlobalSection(SolutionConfigurationPlatforms) = preSolution
		Debug|Any CPU = Debug|Any CPU
		Release|Any CPU = Release|Any CPU
	EndGlobalSection
	GlobalSection(ProjectConfigurationPlatforms) = postSolution
		{1218BBD3-A524-4B86-9C78-5BCE50F595D3}.Debug|Any CPU.ActiveCfg = Debug|Any CPU
		{1218BBD3-A524-4B86-9C78-5BCE50F595D3}.Debug|Any CPU.Build.0 = Debug|Any CPU
		{1218BBD3-A524-4B86-9C78-5BCE50F595D3}.Release|Any CPU.ActiveCfg = Release|Any CPU
		{1218BBD3-A524-4B86-9C78-5BCE50F595D3}.Release|Any CPU.Build.0 = Release|Any CPU
	EndGlobalSection
	GlobalSection(SolutionProperties) = preSolution
		HideSolutionNode = FALSE
	EndGlobalSection
	GlobalSection(ExtensibilityGlobals) = postSolution
		SolutionGuid = {627036EE-D0E4-4D4C-9AA0-AF030C88B006}
	EndGlobalSection
EndGlobal
